// !$*UTF8*$!
{
	archiveVersion = 1;
	classes = {
	};
	objectVersion = 50;
	objects = {

/* Begin PBXBuildFile section */
		000900FE27BC006800F5A2B7 /* StateView.xib in Resources */ = {isa = PBXBuildFile; fileRef = 000900FC27BC006800F5A2B7 /* StateView.xib */; };
		B63523D2EADBDCFF906B5EE6 /* Pods_CUIKit_CUIKitTests.framework in Frameworks */ = {isa = PBXBuildFile; fileRef = 39FD75D1043D86D4DFE9D636 /* Pods_CUIKit_CUIKitTests.framework */; };
		C9F2655827BA71A20070368C /* CompositionalDisplayItem.swift in Sources */ = {isa = PBXBuildFile; fileRef = C9F2655727BA71A20070368C /* CompositionalDisplayItem.swift */; };
		CF69920F26D65595008E299F /* CUIKit.framework in Frameworks */ = {isa = PBXBuildFile; fileRef = CF69920526D65595008E299F /* CUIKit.framework */; };
		CF69922226D655C5008E299F /* CUIKit.h in Headers */ = {isa = PBXBuildFile; fileRef = CF69922026D655C5008E299F /* CUIKit.h */; settings = {ATTRIBUTES = (Public, ); }; };
		CF69922B26D65636008E299F /* CUIKitTests.swift in Sources */ = {isa = PBXBuildFile; fileRef = CF69922526D655CE008E299F /* CUIKitTests.swift */; };
		CF69928326D6588F008E299F /* ViewFactory.swift in Sources */ = {isa = PBXBuildFile; fileRef = CF69923626D6588F008E299F /* ViewFactory.swift */; };
		CF69928426D6588F008E299F /* UIKit+Factory.swift in Sources */ = {isa = PBXBuildFile; fileRef = CF69923726D6588F008E299F /* UIKit+Factory.swift */; };
		CF69928526D6588F008E299F /* CellFactory.swift in Sources */ = {isa = PBXBuildFile; fileRef = CF69923826D6588F008E299F /* CellFactory.swift */; };
		CF69928626D6588F008E299F /* MultiCellTypeFactory.swift in Sources */ = {isa = PBXBuildFile; fileRef = CF69923926D6588F008E299F /* MultiCellTypeFactory.swift */; };
		CF69928726D6588F008E299F /* PinPointView.swift in Sources */ = {isa = PBXBuildFile; fileRef = CF69923B26D6588F008E299F /* PinPointView.swift */; };
		CF69928E26D6588F008E299F /* СircleProgressView.swift in Sources */ = {isa = PBXBuildFile; fileRef = CF69924526D6588F008E299F /* СircleProgressView.swift */; };
		CF69928F26D6588F008E299F /* ProgressButton.swift in Sources */ = {isa = PBXBuildFile; fileRef = CF69924626D6588F008E299F /* ProgressButton.swift */; };
		CF69929026D6588F008E299F /* LinerPhoneTextFiled.swift in Sources */ = {isa = PBXBuildFile; fileRef = CF69924826D6588F008E299F /* LinerPhoneTextFiled.swift */; };
		CF69929126D6588F008E299F /* PhoneTextField.swift in Sources */ = {isa = PBXBuildFile; fileRef = CF69924926D6588F008E299F /* PhoneTextField.swift */; };
		CF69929226D6588F008E299F /* PhoneNumberFormatter.swift in Sources */ = {isa = PBXBuildFile; fileRef = CF69924A26D6588F008E299F /* PhoneNumberFormatter.swift */; };
		CF69929326D6588F008E299F /* PhoneLogic.swift in Sources */ = {isa = PBXBuildFile; fileRef = CF69924B26D6588F008E299F /* PhoneLogic.swift */; };
		CF69929426D6588F008E299F /* DesignableImageView.swift in Sources */ = {isa = PBXBuildFile; fileRef = CF69924D26D6588F008E299F /* DesignableImageView.swift */; };
		CF69929526D6588F008E299F /* Designable.swift in Sources */ = {isa = PBXBuildFile; fileRef = CF69924E26D6588F008E299F /* Designable.swift */; };
		CF69929626D6588F008E299F /* PlaceholderTextView.swift in Sources */ = {isa = PBXBuildFile; fileRef = CF69924F26D6588F008E299F /* PlaceholderTextView.swift */; };
		CF69929726D6588F008E299F /* DesignableButton.swift in Sources */ = {isa = PBXBuildFile; fileRef = CF69925026D6588F008E299F /* DesignableButton.swift */; };
		CF69929826D6588F008E299F /* ShadowableImageView.swift in Sources */ = {isa = PBXBuildFile; fileRef = CF69925126D6588F008E299F /* ShadowableImageView.swift */; };
		CF69929926D6588F008E299F /* DesignableView.swift in Sources */ = {isa = PBXBuildFile; fileRef = CF69925226D6588F008E299F /* DesignableView.swift */; };
		CF69929A26D6588F008E299F /* DownloadProgressView.swift in Sources */ = {isa = PBXBuildFile; fileRef = CF69925326D6588F008E299F /* DownloadProgressView.swift */; };
		CF69929B26D6588F008E299F /* MaterialTextView.swift in Sources */ = {isa = PBXBuildFile; fileRef = CF69925426D6588F008E299F /* MaterialTextView.swift */; };
		CF69929C26D6588F008E299F /* Nibble.swift in Sources */ = {isa = PBXBuildFile; fileRef = CF69925626D6588F008E299F /* Nibble.swift */; };
		CF6992AB26D65890008E299F /* RearrangeableCollectionViewLayout.swift in Sources */ = {isa = PBXBuildFile; fileRef = CF69926A26D6588F008E299F /* RearrangeableCollectionViewLayout.swift */; };
		CF6992AC26D65890008E299F /* MinColumnFlowLayouts.swift in Sources */ = {isa = PBXBuildFile; fileRef = CF69926C26D6588F008E299F /* MinColumnFlowLayouts.swift */; };
		CF6992AD26D65890008E299F /* MaxColumnFlowLayouts.swift in Sources */ = {isa = PBXBuildFile; fileRef = CF69926D26D6588F008E299F /* MaxColumnFlowLayouts.swift */; };
		CF6992AE26D65890008E299F /* ProgressLayout.swift in Sources */ = {isa = PBXBuildFile; fileRef = CF69926E26D6588F008E299F /* ProgressLayout.swift */; };
		CF6992AF26D65890008E299F /* ColumnFlowLayout.swift in Sources */ = {isa = PBXBuildFile; fileRef = CF69926F26D6588F008E299F /* ColumnFlowLayout.swift */; };
		CF6992B326D65890008E299F /* UIModel.swift in Sources */ = {isa = PBXBuildFile; fileRef = CF69927526D6588F008E299F /* UIModel.swift */; };
		CF6992B426D65890008E299F /* FeedbackGenerator.swift in Sources */ = {isa = PBXBuildFile; fileRef = CF69927726D6588F008E299F /* FeedbackGenerator.swift */; };
		CF6992B626D65890008E299F /* StateabelTableView.swift in Sources */ = {isa = PBXBuildFile; fileRef = CF69927C26D6588F008E299F /* StateabelTableView.swift */; };
		CF6992B726D65890008E299F /* StateabelCollectionView.swift in Sources */ = {isa = PBXBuildFile; fileRef = CF69927D26D6588F008E299F /* StateabelCollectionView.swift */; };
		CF6992B826D65890008E299F /* ViewState.swift in Sources */ = {isa = PBXBuildFile; fileRef = CF69927F26D6588F008E299F /* ViewState.swift */; };
		CF6992B926D65890008E299F /* StateView.swift in Sources */ = {isa = PBXBuildFile; fileRef = CF69928026D6588F008E299F /* StateView.swift */; };
		CF6992BA26D65890008E299F /* Stateabel.swift in Sources */ = {isa = PBXBuildFile; fileRef = CF69928126D6588F008E299F /* Stateabel.swift */; };
		DF1B8C60279195FD00036669 /* ActivityView.swift in Sources */ = {isa = PBXBuildFile; fileRef = DF1B8C5F279195FD00036669 /* ActivityView.swift */; };
		DF1B8C6B279198B100036669 /* ShowHiddenAbility.swift in Sources */ = {isa = PBXBuildFile; fileRef = DF1B8C64279198B100036669 /* ShowHiddenAbility.swift */; };
		DF1B8C6C279198B100036669 /* TapAnimation.swift in Sources */ = {isa = PBXBuildFile; fileRef = DF1B8C65279198B100036669 /* TapAnimation.swift */; };
		DF1B8C6D279198B100036669 /* Animations.swift in Sources */ = {isa = PBXBuildFile; fileRef = DF1B8C66279198B100036669 /* Animations.swift */; };
		DF1B8C6E279198B100036669 /* ShakeAnimation.swift in Sources */ = {isa = PBXBuildFile; fileRef = DF1B8C67279198B100036669 /* ShakeAnimation.swift */; };
		DF1B8C6F279198B100036669 /* TransformZoom.swift in Sources */ = {isa = PBXBuildFile; fileRef = DF1B8C68279198B100036669 /* TransformZoom.swift */; };
		DF1B8C70279198B100036669 /* CompletionAnimation.swift in Sources */ = {isa = PBXBuildFile; fileRef = DF1B8C69279198B100036669 /* CompletionAnimation.swift */; };
		DF1B8C71279198B100036669 /* TransformAnchor.swift in Sources */ = {isa = PBXBuildFile; fileRef = DF1B8C6A279198B100036669 /* TransformAnchor.swift */; };
		DF1B8C7727919CF400036669 /* CUIKit.podspec in Resources */ = {isa = PBXBuildFile; fileRef = DF1B8C7527919CF400036669 /* CUIKit.podspec */; };
		DF1B8C7827919CF400036669 /* .swiftlint.yml in Resources */ = {isa = PBXBuildFile; fileRef = DF1B8C7627919CF400036669 /* .swiftlint.yml */; };
		E0F9DC5B34DD82F2C9341D7C /* Pods_CUIKit.framework in Frameworks */ = {isa = PBXBuildFile; fileRef = B075F9B271A4DCD8CB6603A2 /* Pods_CUIKit.framework */; };
/* End PBXBuildFile section */

/* Begin PBXContainerItemProxy section */
		CF69921026D65595008E299F /* PBXContainerItemProxy */ = {
			isa = PBXContainerItemProxy;
			containerPortal = CF6991FC26D65595008E299F /* Project object */;
			proxyType = 1;
			remoteGlobalIDString = CF69920426D65595008E299F;
			remoteInfo = CUIKit;
		};
/* End PBXContainerItemProxy section */

/* Begin PBXFileReference section */
		000900FC27BC006800F5A2B7 /* StateView.xib */ = {isa = PBXFileReference; fileEncoding = 4; lastKnownFileType = file.xib; path = StateView.xib; sourceTree = "<group>"; };
		14E9B58DBB767D0BE281C874 /* Pods-CUIKit.debug.xcconfig */ = {isa = PBXFileReference; includeInIndex = 1; lastKnownFileType = text.xcconfig; name = "Pods-CUIKit.debug.xcconfig"; path = "Target Support Files/Pods-CUIKit/Pods-CUIKit.debug.xcconfig"; sourceTree = "<group>"; };
		15AF348C206D106005EA31F2 /* Pods-CUIKit-CUIKitTests.debug.xcconfig */ = {isa = PBXFileReference; includeInIndex = 1; lastKnownFileType = text.xcconfig; name = "Pods-CUIKit-CUIKitTests.debug.xcconfig"; path = "Target Support Files/Pods-CUIKit-CUIKitTests/Pods-CUIKit-CUIKitTests.debug.xcconfig"; sourceTree = "<group>"; };
		39FD75D1043D86D4DFE9D636 /* Pods_CUIKit_CUIKitTests.framework */ = {isa = PBXFileReference; explicitFileType = wrapper.framework; includeInIndex = 0; path = Pods_CUIKit_CUIKitTests.framework; sourceTree = BUILT_PRODUCTS_DIR; };
		B075F9B271A4DCD8CB6603A2 /* Pods_CUIKit.framework */ = {isa = PBXFileReference; explicitFileType = wrapper.framework; includeInIndex = 0; path = Pods_CUIKit.framework; sourceTree = BUILT_PRODUCTS_DIR; };
		BDEEC25E4AC7B9E6E5008805 /* Pods-CUIKit.release.xcconfig */ = {isa = PBXFileReference; includeInIndex = 1; lastKnownFileType = text.xcconfig; name = "Pods-CUIKit.release.xcconfig"; path = "Target Support Files/Pods-CUIKit/Pods-CUIKit.release.xcconfig"; sourceTree = "<group>"; };
		C760D8D4C3E7684959FEC689 /* Pods-CUIKit-CUIKitTests.release.xcconfig */ = {isa = PBXFileReference; includeInIndex = 1; lastKnownFileType = text.xcconfig; name = "Pods-CUIKit-CUIKitTests.release.xcconfig"; path = "Target Support Files/Pods-CUIKit-CUIKitTests/Pods-CUIKit-CUIKitTests.release.xcconfig"; sourceTree = "<group>"; };
		C9F2655727BA71A20070368C /* CompositionalDisplayItem.swift */ = {isa = PBXFileReference; fileEncoding = 4; lastKnownFileType = sourcecode.swift; path = CompositionalDisplayItem.swift; sourceTree = "<group>"; };
		CF69920526D65595008E299F /* CUIKit.framework */ = {isa = PBXFileReference; explicitFileType = wrapper.framework; includeInIndex = 0; path = CUIKit.framework; sourceTree = BUILT_PRODUCTS_DIR; };
		CF69920E26D65595008E299F /* CUIKitTests.xctest */ = {isa = PBXFileReference; explicitFileType = wrapper.cfbundle; includeInIndex = 0; path = CUIKitTests.xctest; sourceTree = BUILT_PRODUCTS_DIR; };
		CF69922026D655C5008E299F /* CUIKit.h */ = {isa = PBXFileReference; fileEncoding = 4; lastKnownFileType = sourcecode.c.h; path = CUIKit.h; sourceTree = "<group>"; };
		CF69922126D655C5008E299F /* Info.plist */ = {isa = PBXFileReference; fileEncoding = 4; lastKnownFileType = text.plist.xml; path = Info.plist; sourceTree = "<group>"; };
		CF69922526D655CE008E299F /* CUIKitTests.swift */ = {isa = PBXFileReference; fileEncoding = 4; lastKnownFileType = sourcecode.swift; path = CUIKitTests.swift; sourceTree = "<group>"; };
		CF69922626D655CE008E299F /* Info.plist */ = {isa = PBXFileReference; fileEncoding = 4; lastKnownFileType = text.plist.xml; path = Info.plist; sourceTree = "<group>"; };
		CF69923626D6588F008E299F /* ViewFactory.swift */ = {isa = PBXFileReference; fileEncoding = 4; lastKnownFileType = sourcecode.swift; path = ViewFactory.swift; sourceTree = "<group>"; };
		CF69923726D6588F008E299F /* UIKit+Factory.swift */ = {isa = PBXFileReference; fileEncoding = 4; lastKnownFileType = sourcecode.swift; path = "UIKit+Factory.swift"; sourceTree = "<group>"; };
		CF69923826D6588F008E299F /* CellFactory.swift */ = {isa = PBXFileReference; fileEncoding = 4; lastKnownFileType = sourcecode.swift; path = CellFactory.swift; sourceTree = "<group>"; };
		CF69923926D6588F008E299F /* MultiCellTypeFactory.swift */ = {isa = PBXFileReference; fileEncoding = 4; lastKnownFileType = sourcecode.swift; path = MultiCellTypeFactory.swift; sourceTree = "<group>"; };
		CF69923B26D6588F008E299F /* PinPointView.swift */ = {isa = PBXFileReference; fileEncoding = 4; lastKnownFileType = sourcecode.swift; path = PinPointView.swift; sourceTree = "<group>"; };
		CF69924526D6588F008E299F /* СircleProgressView.swift */ = {isa = PBXFileReference; fileEncoding = 4; lastKnownFileType = sourcecode.swift; path = "СircleProgressView.swift"; sourceTree = "<group>"; };
		CF69924626D6588F008E299F /* ProgressButton.swift */ = {isa = PBXFileReference; fileEncoding = 4; lastKnownFileType = sourcecode.swift; path = ProgressButton.swift; sourceTree = "<group>"; };
		CF69924826D6588F008E299F /* LinerPhoneTextFiled.swift */ = {isa = PBXFileReference; fileEncoding = 4; lastKnownFileType = sourcecode.swift; path = LinerPhoneTextFiled.swift; sourceTree = "<group>"; };
		CF69924926D6588F008E299F /* PhoneTextField.swift */ = {isa = PBXFileReference; fileEncoding = 4; lastKnownFileType = sourcecode.swift; path = PhoneTextField.swift; sourceTree = "<group>"; };
		CF69924A26D6588F008E299F /* PhoneNumberFormatter.swift */ = {isa = PBXFileReference; fileEncoding = 4; lastKnownFileType = sourcecode.swift; path = PhoneNumberFormatter.swift; sourceTree = "<group>"; };
		CF69924B26D6588F008E299F /* PhoneLogic.swift */ = {isa = PBXFileReference; fileEncoding = 4; lastKnownFileType = sourcecode.swift; path = PhoneLogic.swift; sourceTree = "<group>"; };
		CF69924D26D6588F008E299F /* DesignableImageView.swift */ = {isa = PBXFileReference; fileEncoding = 4; lastKnownFileType = sourcecode.swift; path = DesignableImageView.swift; sourceTree = "<group>"; };
		CF69924E26D6588F008E299F /* Designable.swift */ = {isa = PBXFileReference; fileEncoding = 4; lastKnownFileType = sourcecode.swift; path = Designable.swift; sourceTree = "<group>"; };
		CF69924F26D6588F008E299F /* PlaceholderTextView.swift */ = {isa = PBXFileReference; fileEncoding = 4; lastKnownFileType = sourcecode.swift; path = PlaceholderTextView.swift; sourceTree = "<group>"; };
		CF69925026D6588F008E299F /* DesignableButton.swift */ = {isa = PBXFileReference; fileEncoding = 4; lastKnownFileType = sourcecode.swift; path = DesignableButton.swift; sourceTree = "<group>"; };
		CF69925126D6588F008E299F /* ShadowableImageView.swift */ = {isa = PBXFileReference; fileEncoding = 4; lastKnownFileType = sourcecode.swift; path = ShadowableImageView.swift; sourceTree = "<group>"; };
		CF69925226D6588F008E299F /* DesignableView.swift */ = {isa = PBXFileReference; fileEncoding = 4; lastKnownFileType = sourcecode.swift; path = DesignableView.swift; sourceTree = "<group>"; };
		CF69925326D6588F008E299F /* DownloadProgressView.swift */ = {isa = PBXFileReference; fileEncoding = 4; lastKnownFileType = sourcecode.swift; path = DownloadProgressView.swift; sourceTree = "<group>"; };
		CF69925426D6588F008E299F /* MaterialTextView.swift */ = {isa = PBXFileReference; fileEncoding = 4; lastKnownFileType = sourcecode.swift; path = MaterialTextView.swift; sourceTree = "<group>"; };
		CF69925626D6588F008E299F /* Nibble.swift */ = {isa = PBXFileReference; fileEncoding = 4; lastKnownFileType = sourcecode.swift; path = Nibble.swift; sourceTree = "<group>"; };
		CF69926A26D6588F008E299F /* RearrangeableCollectionViewLayout.swift */ = {isa = PBXFileReference; fileEncoding = 4; lastKnownFileType = sourcecode.swift; path = RearrangeableCollectionViewLayout.swift; sourceTree = "<group>"; };
		CF69926C26D6588F008E299F /* MinColumnFlowLayouts.swift */ = {isa = PBXFileReference; fileEncoding = 4; lastKnownFileType = sourcecode.swift; path = MinColumnFlowLayouts.swift; sourceTree = "<group>"; };
		CF69926D26D6588F008E299F /* MaxColumnFlowLayouts.swift */ = {isa = PBXFileReference; fileEncoding = 4; lastKnownFileType = sourcecode.swift; path = MaxColumnFlowLayouts.swift; sourceTree = "<group>"; };
		CF69926E26D6588F008E299F /* ProgressLayout.swift */ = {isa = PBXFileReference; fileEncoding = 4; lastKnownFileType = sourcecode.swift; path = ProgressLayout.swift; sourceTree = "<group>"; };
		CF69926F26D6588F008E299F /* ColumnFlowLayout.swift */ = {isa = PBXFileReference; fileEncoding = 4; lastKnownFileType = sourcecode.swift; path = ColumnFlowLayout.swift; sourceTree = "<group>"; };
		CF69927526D6588F008E299F /* UIModel.swift */ = {isa = PBXFileReference; fileEncoding = 4; lastKnownFileType = sourcecode.swift; path = UIModel.swift; sourceTree = "<group>"; };
		CF69927726D6588F008E299F /* FeedbackGenerator.swift */ = {isa = PBXFileReference; fileEncoding = 4; lastKnownFileType = sourcecode.swift; path = FeedbackGenerator.swift; sourceTree = "<group>"; };
		CF69927C26D6588F008E299F /* StateabelTableView.swift */ = {isa = PBXFileReference; fileEncoding = 4; lastKnownFileType = sourcecode.swift; path = StateabelTableView.swift; sourceTree = "<group>"; };
		CF69927D26D6588F008E299F /* StateabelCollectionView.swift */ = {isa = PBXFileReference; fileEncoding = 4; lastKnownFileType = sourcecode.swift; path = StateabelCollectionView.swift; sourceTree = "<group>"; };
		CF69927F26D6588F008E299F /* ViewState.swift */ = {isa = PBXFileReference; fileEncoding = 4; lastKnownFileType = sourcecode.swift; path = ViewState.swift; sourceTree = "<group>"; };
		CF69928026D6588F008E299F /* StateView.swift */ = {isa = PBXFileReference; fileEncoding = 4; lastKnownFileType = sourcecode.swift; path = StateView.swift; sourceTree = "<group>"; };
		CF69928126D6588F008E299F /* Stateabel.swift */ = {isa = PBXFileReference; fileEncoding = 4; lastKnownFileType = sourcecode.swift; path = Stateabel.swift; sourceTree = "<group>"; };
		DF1B8C5F279195FD00036669 /* ActivityView.swift */ = {isa = PBXFileReference; fileEncoding = 4; lastKnownFileType = sourcecode.swift; path = ActivityView.swift; sourceTree = "<group>"; };
		DF1B8C64279198B100036669 /* ShowHiddenAbility.swift */ = {isa = PBXFileReference; fileEncoding = 4; lastKnownFileType = sourcecode.swift; path = ShowHiddenAbility.swift; sourceTree = "<group>"; };
		DF1B8C65279198B100036669 /* TapAnimation.swift */ = {isa = PBXFileReference; fileEncoding = 4; lastKnownFileType = sourcecode.swift; path = TapAnimation.swift; sourceTree = "<group>"; };
		DF1B8C66279198B100036669 /* Animations.swift */ = {isa = PBXFileReference; fileEncoding = 4; lastKnownFileType = sourcecode.swift; path = Animations.swift; sourceTree = "<group>"; };
		DF1B8C67279198B100036669 /* ShakeAnimation.swift */ = {isa = PBXFileReference; fileEncoding = 4; lastKnownFileType = sourcecode.swift; path = ShakeAnimation.swift; sourceTree = "<group>"; };
		DF1B8C68279198B100036669 /* TransformZoom.swift */ = {isa = PBXFileReference; fileEncoding = 4; lastKnownFileType = sourcecode.swift; path = TransformZoom.swift; sourceTree = "<group>"; };
		DF1B8C69279198B100036669 /* CompletionAnimation.swift */ = {isa = PBXFileReference; fileEncoding = 4; lastKnownFileType = sourcecode.swift; path = CompletionAnimation.swift; sourceTree = "<group>"; };
		DF1B8C6A279198B100036669 /* TransformAnchor.swift */ = {isa = PBXFileReference; fileEncoding = 4; lastKnownFileType = sourcecode.swift; path = TransformAnchor.swift; sourceTree = "<group>"; };
		DF1B8C7527919CF400036669 /* CUIKit.podspec */ = {isa = PBXFileReference; explicitFileType = text.script.ruby; fileEncoding = 4; path = CUIKit.podspec; sourceTree = "<group>"; };
		DF1B8C7627919CF400036669 /* .swiftlint.yml */ = {isa = PBXFileReference; fileEncoding = 4; lastKnownFileType = text.yaml; path = .swiftlint.yml; sourceTree = "<group>"; };
		DFBA210C2791FFFF00B60B49 /* Pluginfile */ = {isa = PBXFileReference; explicitFileType = text.script.ruby; name = Pluginfile; path = fastlane/Pluginfile; sourceTree = "<group>"; };
		DFBA210D2791FFFF00B60B49 /* Fastfile */ = {isa = PBXFileReference; explicitFileType = text.script.ruby; name = Fastfile; path = fastlane/Fastfile; sourceTree = "<group>"; };
		DFBA210E2792001500B60B49 /* LICENSE */ = {isa = PBXFileReference; lastKnownFileType = text; path = LICENSE; sourceTree = "<group>"; };
		DFBA210F2792001500B60B49 /* README.md */ = {isa = PBXFileReference; lastKnownFileType = net.daringfireball.markdown; path = README.md; sourceTree = "<group>"; };
/* End PBXFileReference section */

/* Begin PBXFrameworksBuildPhase section */
		CF69920226D65595008E299F /* Frameworks */ = {
			isa = PBXFrameworksBuildPhase;
			buildActionMask = 2147483647;
			files = (
				E0F9DC5B34DD82F2C9341D7C /* Pods_CUIKit.framework in Frameworks */,
			);
			runOnlyForDeploymentPostprocessing = 0;
		};
		CF69920B26D65595008E299F /* Frameworks */ = {
			isa = PBXFrameworksBuildPhase;
			buildActionMask = 2147483647;
			files = (
				CF69920F26D65595008E299F /* CUIKit.framework in Frameworks */,
				B63523D2EADBDCFF906B5EE6 /* Pods_CUIKit_CUIKitTests.framework in Frameworks */,
			);
			runOnlyForDeploymentPostprocessing = 0;
		};
/* End PBXFrameworksBuildPhase section */

/* Begin PBXGroup section */
		000900FA27BBFFFF00F5A2B7 /* Resources */ = {
			isa = PBXGroup;
			children = (
				000900FC27BC006800F5A2B7 /* StateView.xib */,
			);
			path = Resources;
			sourceTree = "<group>";
		};
		55392D1717C50B77132EB0FD /* Pods */ = {
			isa = PBXGroup;
			children = (
				14E9B58DBB767D0BE281C874 /* Pods-CUIKit.debug.xcconfig */,
				BDEEC25E4AC7B9E6E5008805 /* Pods-CUIKit.release.xcconfig */,
				15AF348C206D106005EA31F2 /* Pods-CUIKit-CUIKitTests.debug.xcconfig */,
				C760D8D4C3E7684959FEC689 /* Pods-CUIKit-CUIKitTests.release.xcconfig */,
			);
			path = Pods;
			sourceTree = "<group>";
		};
		63FDF9166430BC37AD4F88C9 /* Frameworks */ = {
			isa = PBXGroup;
			children = (
				B075F9B271A4DCD8CB6603A2 /* Pods_CUIKit.framework */,
				39FD75D1043D86D4DFE9D636 /* Pods_CUIKit_CUIKitTests.framework */,
			);
			name = Frameworks;
			sourceTree = "<group>";
		};
		CF6991FB26D65595008E299F = {
			isa = PBXGroup;
			children = (
				DF1B8C7427919CC600036669 /* CICD */,
				CF69921F26D655C5008E299F /* Sources */,
				CF69922426D655CE008E299F /* CUIKitTests */,
				CF69920626D65595008E299F /* Products */,
				63FDF9166430BC37AD4F88C9 /* Frameworks */,
				55392D1717C50B77132EB0FD /* Pods */,
			);
			sourceTree = "<group>";
		};
		CF69920626D65595008E299F /* Products */ = {
			isa = PBXGroup;
			children = (
				CF69920526D65595008E299F /* CUIKit.framework */,
				CF69920E26D65595008E299F /* CUIKitTests.xctest */,
			);
			name = Products;
			sourceTree = "<group>";
		};
		CF69921F26D655C5008E299F /* Sources */ = {
			isa = PBXGroup;
			children = (
				000900FA27BBFFFF00F5A2B7 /* Resources */,
				CF69926926D6588F008E299F /* CollectionViewLayout */,
				CF69923A26D6588F008E299F /* Pin */,
				CF69924426D6588F008E299F /* Progress */,
				CF69927626D6588F008E299F /* FeedbackGenerator */,
				CF69924C26D6588F008E299F /* Designable */,
				CF69923526D6588F008E299F /* ViewFactory */,
				CF69925526D6588F008E299F /* NibLoad */,
				CF69924726D6588F008E299F /* Phone */,
				CF69927A26D6588F008E299F /* CostumeUI */,
				DF1B8C63279198B100036669 /* Animations */,
				CF69927426D6588F008E299F /* UIModels */,
				CF69922026D655C5008E299F /* CUIKit.h */,
				CF69922126D655C5008E299F /* Info.plist */,
			);
			path = Sources;
			sourceTree = "<group>";
		};
		CF69922426D655CE008E299F /* CUIKitTests */ = {
			isa = PBXGroup;
			children = (
				CF69922526D655CE008E299F /* CUIKitTests.swift */,
				CF69922626D655CE008E299F /* Info.plist */,
			);
			path = CUIKitTests;
			sourceTree = "<group>";
		};
		CF69923526D6588F008E299F /* ViewFactory */ = {
			isa = PBXGroup;
			children = (
				CF69923626D6588F008E299F /* ViewFactory.swift */,
				CF69923726D6588F008E299F /* UIKit+Factory.swift */,
				CF69923826D6588F008E299F /* CellFactory.swift */,
				CF69923926D6588F008E299F /* MultiCellTypeFactory.swift */,
			);
			path = ViewFactory;
			sourceTree = "<group>";
		};
		CF69923A26D6588F008E299F /* Pin */ = {
			isa = PBXGroup;
			children = (
				CF69923B26D6588F008E299F /* PinPointView.swift */,
			);
			path = Pin;
			sourceTree = "<group>";
		};
		CF69924426D6588F008E299F /* Progress */ = {
			isa = PBXGroup;
			children = (
				CF69924526D6588F008E299F /* СircleProgressView.swift */,
				CF69924626D6588F008E299F /* ProgressButton.swift */,
			);
			path = Progress;
			sourceTree = "<group>";
		};
		CF69924726D6588F008E299F /* Phone */ = {
			isa = PBXGroup;
			children = (
				CF69924826D6588F008E299F /* LinerPhoneTextFiled.swift */,
				CF69924926D6588F008E299F /* PhoneTextField.swift */,
				CF69924A26D6588F008E299F /* PhoneNumberFormatter.swift */,
				CF69924B26D6588F008E299F /* PhoneLogic.swift */,
			);
			path = Phone;
			sourceTree = "<group>";
		};
		CF69924C26D6588F008E299F /* Designable */ = {
			isa = PBXGroup;
			children = (
				CF69924E26D6588F008E299F /* Designable.swift */,
				CF69924D26D6588F008E299F /* DesignableImageView.swift */,
				CF69924F26D6588F008E299F /* PlaceholderTextView.swift */,
				CF69925026D6588F008E299F /* DesignableButton.swift */,
				CF69925126D6588F008E299F /* ShadowableImageView.swift */,
				CF69925226D6588F008E299F /* DesignableView.swift */,
				CF69925326D6588F008E299F /* DownloadProgressView.swift */,
				CF69925426D6588F008E299F /* MaterialTextView.swift */,
			);
			path = Designable;
			sourceTree = "<group>";
		};
		CF69925526D6588F008E299F /* NibLoad */ = {
			isa = PBXGroup;
			children = (
				CF69925626D6588F008E299F /* Nibble.swift */,
			);
			path = NibLoad;
			sourceTree = "<group>";
		};
		CF69926926D6588F008E299F /* CollectionViewLayout */ = {
			isa = PBXGroup;
			children = (
				CF69926E26D6588F008E299F /* ProgressLayout.swift */,
				CF69926F26D6588F008E299F /* ColumnFlowLayout.swift */,
				CF69926A26D6588F008E299F /* RearrangeableCollectionViewLayout.swift */,
				C9F2655727BA71A20070368C /* CompositionalDisplayItem.swift */,
				CF69926B26D6588F008E299F /* ColumnFlowLayouts */,
			);
			path = CollectionViewLayout;
			sourceTree = "<group>";
		};
		CF69926B26D6588F008E299F /* ColumnFlowLayouts */ = {
			isa = PBXGroup;
			children = (
				CF69926C26D6588F008E299F /* MinColumnFlowLayouts.swift */,
				CF69926D26D6588F008E299F /* MaxColumnFlowLayouts.swift */,
			);
			path = ColumnFlowLayouts;
			sourceTree = "<group>";
		};
		CF69927426D6588F008E299F /* UIModels */ = {
			isa = PBXGroup;
			children = (
				CF69927526D6588F008E299F /* UIModel.swift */,
			);
			path = UIModels;
			sourceTree = "<group>";
		};
		CF69927626D6588F008E299F /* FeedbackGenerator */ = {
			isa = PBXGroup;
			children = (
				CF69927726D6588F008E299F /* FeedbackGenerator.swift */,
			);
			path = FeedbackGenerator;
			sourceTree = "<group>";
		};
		CF69927A26D6588F008E299F /* CostumeUI */ = {
			isa = PBXGroup;
			children = (
				CF69927B26D6588F008E299F /* StatabelTableView */,
			);
			path = CostumeUI;
			sourceTree = "<group>";
		};
		CF69927B26D6588F008E299F /* StatabelTableView */ = {
			isa = PBXGroup;
			children = (
				DF1B8C5F279195FD00036669 /* ActivityView.swift */,
				CF69927C26D6588F008E299F /* StateabelTableView.swift */,
				CF69927D26D6588F008E299F /* StateabelCollectionView.swift */,
				CF69927E26D6588F008E299F /* Stateabel */,
			);
			path = StatabelTableView;
			sourceTree = "<group>";
		};
		CF69927E26D6588F008E299F /* Stateabel */ = {
			isa = PBXGroup;
			children = (
				CF69927F26D6588F008E299F /* ViewState.swift */,
				CF69928026D6588F008E299F /* StateView.swift */,
				CF69928126D6588F008E299F /* Stateabel.swift */,
			);
			path = Stateabel;
			sourceTree = "<group>";
		};
		DF1B8C63279198B100036669 /* Animations */ = {
			isa = PBXGroup;
			children = (
				DF1B8C64279198B100036669 /* ShowHiddenAbility.swift */,
				DF1B8C65279198B100036669 /* TapAnimation.swift */,
				DF1B8C66279198B100036669 /* Animations.swift */,
				DF1B8C67279198B100036669 /* ShakeAnimation.swift */,
				DF1B8C68279198B100036669 /* TransformZoom.swift */,
				DF1B8C69279198B100036669 /* CompletionAnimation.swift */,
				DF1B8C6A279198B100036669 /* TransformAnchor.swift */,
			);
			path = Animations;
			sourceTree = "<group>";
		};
		DF1B8C7427919CC600036669 /* CICD */ = {
			isa = PBXGroup;
			children = (
				DF1B8C7627919CF400036669 /* .swiftlint.yml */,
				DF1B8C7527919CF400036669 /* CUIKit.podspec */,
				DF1B8C7927919E4F00036669 /* Fastlane */,
			);
			name = CICD;
			sourceTree = "<group>";
		};
		DF1B8C7927919E4F00036669 /* Fastlane */ = {
			isa = PBXGroup;
			children = (
				DFBA210F2792001500B60B49 /* README.md */,
				DFBA210E2792001500B60B49 /* LICENSE */,
				DFBA210D2791FFFF00B60B49 /* Fastfile */,
				DFBA210C2791FFFF00B60B49 /* Pluginfile */,
			);
			name = Fastlane;
			sourceTree = "<group>";
		};
/* End PBXGroup section */

/* Begin PBXHeadersBuildPhase section */
		CF69920026D65595008E299F /* Headers */ = {
			isa = PBXHeadersBuildPhase;
			buildActionMask = 2147483647;
			files = (
				CF69922226D655C5008E299F /* CUIKit.h in Headers */,
			);
			runOnlyForDeploymentPostprocessing = 0;
		};
/* End PBXHeadersBuildPhase section */

/* Begin PBXNativeTarget section */
		CF69920426D65595008E299F /* CUIKit */ = {
			isa = PBXNativeTarget;
			buildConfigurationList = CF69921926D65595008E299F /* Build configuration list for PBXNativeTarget "CUIKit" */;
			buildPhases = (
				4D065655899CE5FBCB06B1F8 /* [CP] Check Pods Manifest.lock */,
				CF69920026D65595008E299F /* Headers */,
				CF69920126D65595008E299F /* Sources */,
				CF69920226D65595008E299F /* Frameworks */,
				CF69920326D65595008E299F /* Resources */,
				DFBA210B2791FEBE00B60B49 /* SwiftLint */,
			);
			buildRules = (
			);
			dependencies = (
			);
			name = CUIKit;
			productName = CUIKit;
			productReference = CF69920526D65595008E299F /* CUIKit.framework */;
			productType = "com.apple.product-type.framework";
		};
		CF69920D26D65595008E299F /* CUIKitTests */ = {
			isa = PBXNativeTarget;
			buildConfigurationList = CF69921C26D65595008E299F /* Build configuration list for PBXNativeTarget "CUIKitTests" */;
			buildPhases = (
				A6A321F590D763B749FCC6E8 /* [CP] Check Pods Manifest.lock */,
				CF69920A26D65595008E299F /* Sources */,
				CF69920B26D65595008E299F /* Frameworks */,
				CF69920C26D65595008E299F /* Resources */,
			);
			buildRules = (
			);
			dependencies = (
				CF69921126D65595008E299F /* PBXTargetDependency */,
			);
			name = CUIKitTests;
			productName = CUIKitTests;
			productReference = CF69920E26D65595008E299F /* CUIKitTests.xctest */;
			productType = "com.apple.product-type.bundle.unit-test";
		};
/* End PBXNativeTarget section */

/* Begin PBXProject section */
		CF6991FC26D65595008E299F /* Project object */ = {
			isa = PBXProject;
			attributes = {
				LastSwiftUpdateCheck = 1250;
				LastUpgradeCheck = 1250;
				TargetAttributes = {
					CF69920426D65595008E299F = {
						CreatedOnToolsVersion = 12.5.1;
					};
					CF69920D26D65595008E299F = {
						CreatedOnToolsVersion = 12.5.1;
					};
				};
			};
			buildConfigurationList = CF6991FF26D65595008E299F /* Build configuration list for PBXProject "CUIKit" */;
			compatibilityVersion = "Xcode 9.3";
			developmentRegion = en;
			hasScannedForEncodings = 0;
			knownRegions = (
				en,
				Base,
			);
			mainGroup = CF6991FB26D65595008E299F;
			productRefGroup = CF69920626D65595008E299F /* Products */;
			projectDirPath = "";
			projectRoot = "";
			targets = (
				CF69920426D65595008E299F /* CUIKit */,
				CF69920D26D65595008E299F /* CUIKitTests */,
			);
		};
/* End PBXProject section */

/* Begin PBXResourcesBuildPhase section */
		CF69920326D65595008E299F /* Resources */ = {
			isa = PBXResourcesBuildPhase;
			buildActionMask = 2147483647;
			files = (
				DF1B8C7827919CF400036669 /* .swiftlint.yml in Resources */,
				000900FE27BC006800F5A2B7 /* StateView.xib in Resources */,
				DF1B8C7727919CF400036669 /* CUIKit.podspec in Resources */,
			);
			runOnlyForDeploymentPostprocessing = 0;
		};
		CF69920C26D65595008E299F /* Resources */ = {
			isa = PBXResourcesBuildPhase;
			buildActionMask = 2147483647;
			files = (
			);
			runOnlyForDeploymentPostprocessing = 0;
		};
/* End PBXResourcesBuildPhase section */

/* Begin PBXShellScriptBuildPhase section */
		4D065655899CE5FBCB06B1F8 /* [CP] Check Pods Manifest.lock */ = {
			isa = PBXShellScriptBuildPhase;
			buildActionMask = 2147483647;
			files = (
			);
			inputFileListPaths = (
			);
			inputPaths = (
				"${PODS_PODFILE_DIR_PATH}/Podfile.lock",
				"${PODS_ROOT}/Manifest.lock",
			);
			name = "[CP] Check Pods Manifest.lock";
			outputFileListPaths = (
			);
			outputPaths = (
				"$(DERIVED_FILE_DIR)/Pods-CUIKit-checkManifestLockResult.txt",
			);
			runOnlyForDeploymentPostprocessing = 0;
			shellPath = /bin/sh;
			shellScript = "diff \"${PODS_PODFILE_DIR_PATH}/Podfile.lock\" \"${PODS_ROOT}/Manifest.lock\" > /dev/null\nif [ $? != 0 ] ; then\n    # print error to STDERR\n    echo \"error: The sandbox is not in sync with the Podfile.lock. Run 'pod install' or update your CocoaPods installation.\" >&2\n    exit 1\nfi\n# This output is used by Xcode 'outputs' to avoid re-running this script phase.\necho \"SUCCESS\" > \"${SCRIPT_OUTPUT_FILE_0}\"\n";
			showEnvVarsInLog = 0;
		};
		A6A321F590D763B749FCC6E8 /* [CP] Check Pods Manifest.lock */ = {
			isa = PBXShellScriptBuildPhase;
			buildActionMask = 2147483647;
			files = (
			);
			inputFileListPaths = (
			);
			inputPaths = (
				"${PODS_PODFILE_DIR_PATH}/Podfile.lock",
				"${PODS_ROOT}/Manifest.lock",
			);
			name = "[CP] Check Pods Manifest.lock";
			outputFileListPaths = (
			);
			outputPaths = (
				"$(DERIVED_FILE_DIR)/Pods-CUIKit-CUIKitTests-checkManifestLockResult.txt",
			);
			runOnlyForDeploymentPostprocessing = 0;
			shellPath = /bin/sh;
			shellScript = "diff \"${PODS_PODFILE_DIR_PATH}/Podfile.lock\" \"${PODS_ROOT}/Manifest.lock\" > /dev/null\nif [ $? != 0 ] ; then\n    # print error to STDERR\n    echo \"error: The sandbox is not in sync with the Podfile.lock. Run 'pod install' or update your CocoaPods installation.\" >&2\n    exit 1\nfi\n# This output is used by Xcode 'outputs' to avoid re-running this script phase.\necho \"SUCCESS\" > \"${SCRIPT_OUTPUT_FILE_0}\"\n";
			showEnvVarsInLog = 0;
		};
		DFBA210B2791FEBE00B60B49 /* SwiftLint */ = {
			isa = PBXShellScriptBuildPhase;
			buildActionMask = 2147483647;
			files = (
			);
			inputFileListPaths = (
			);
			inputPaths = (
			);
			name = SwiftLint;
			outputFileListPaths = (
			);
			outputPaths = (
			);
			runOnlyForDeploymentPostprocessing = 0;
			shellPath = /bin/sh;
			shellScript = "# Type a script or drag a script file from your workspace to insert its path.\n\"${PODS_ROOT}/SwiftLint/swiftlint\"\n";
		};
/* End PBXShellScriptBuildPhase section */

/* Begin PBXSourcesBuildPhase section */
		CF69920126D65595008E299F /* Sources */ = {
			isa = PBXSourcesBuildPhase;
			buildActionMask = 2147483647;
			files = (
				CF69928726D6588F008E299F /* PinPointView.swift in Sources */,
				CF6992AB26D65890008E299F /* RearrangeableCollectionViewLayout.swift in Sources */,
				CF6992B726D65890008E299F /* StateabelCollectionView.swift in Sources */,
				CF69929726D6588F008E299F /* DesignableButton.swift in Sources */,
				CF6992B626D65890008E299F /* StateabelTableView.swift in Sources */,
				CF69928E26D6588F008E299F /* СircleProgressView.swift in Sources */,
				CF69929B26D6588F008E299F /* MaterialTextView.swift in Sources */,
				CF69929A26D6588F008E299F /* DownloadProgressView.swift in Sources */,
				CF69929326D6588F008E299F /* PhoneLogic.swift in Sources */,
				CF69928326D6588F008E299F /* ViewFactory.swift in Sources */,
				CF6992B826D65890008E299F /* ViewState.swift in Sources */,
				CF69928426D6588F008E299F /* UIKit+Factory.swift in Sources */,
				CF6992B426D65890008E299F /* FeedbackGenerator.swift in Sources */,
				DF1B8C6C279198B100036669 /* TapAnimation.swift in Sources */,
				CF69928626D6588F008E299F /* MultiCellTypeFactory.swift in Sources */,
				DF1B8C6B279198B100036669 /* ShowHiddenAbility.swift in Sources */,
				CF69929C26D6588F008E299F /* Nibble.swift in Sources */,
				CF69929826D6588F008E299F /* ShadowableImageView.swift in Sources */,
				CF69928526D6588F008E299F /* CellFactory.swift in Sources */,
				CF6992AE26D65890008E299F /* ProgressLayout.swift in Sources */,
				DF1B8C6E279198B100036669 /* ShakeAnimation.swift in Sources */,
				DF1B8C6F279198B100036669 /* TransformZoom.swift in Sources */,
				DF1B8C71279198B100036669 /* TransformAnchor.swift in Sources */,
				DF1B8C60279195FD00036669 /* ActivityView.swift in Sources */,
				CF6992AD26D65890008E299F /* MaxColumnFlowLayouts.swift in Sources */,
				CF69929926D6588F008E299F /* DesignableView.swift in Sources */,
				CF6992AF26D65890008E299F /* ColumnFlowLayout.swift in Sources */,
				CF69928F26D6588F008E299F /* ProgressButton.swift in Sources */,
				CF6992AC26D65890008E299F /* MinColumnFlowLayouts.swift in Sources */,
				CF69929226D6588F008E299F /* PhoneNumberFormatter.swift in Sources */,
				DF1B8C70279198B100036669 /* CompletionAnimation.swift in Sources */,
				CF6992B926D65890008E299F /* StateView.swift in Sources */,
				CF69929126D6588F008E299F /* PhoneTextField.swift in Sources */,
				CF6992B326D65890008E299F /* UIModel.swift in Sources */,
				C9F2655827BA71A20070368C /* CompositionalDisplayItem.swift in Sources */,
				CF69929526D6588F008E299F /* Designable.swift in Sources */,
				CF69929426D6588F008E299F /* DesignableImageView.swift in Sources */,
				DF1B8C6D279198B100036669 /* Animations.swift in Sources */,
				CF69929026D6588F008E299F /* LinerPhoneTextFiled.swift in Sources */,
				CF69929626D6588F008E299F /* PlaceholderTextView.swift in Sources */,
				CF6992BA26D65890008E299F /* Stateabel.swift in Sources */,
			);
			runOnlyForDeploymentPostprocessing = 0;
		};
		CF69920A26D65595008E299F /* Sources */ = {
			isa = PBXSourcesBuildPhase;
			buildActionMask = 2147483647;
			files = (
				CF69922B26D65636008E299F /* CUIKitTests.swift in Sources */,
			);
			runOnlyForDeploymentPostprocessing = 0;
		};
/* End PBXSourcesBuildPhase section */

/* Begin PBXTargetDependency section */
		CF69921126D65595008E299F /* PBXTargetDependency */ = {
			isa = PBXTargetDependency;
			target = CF69920426D65595008E299F /* CUIKit */;
			targetProxy = CF69921026D65595008E299F /* PBXContainerItemProxy */;
		};
/* End PBXTargetDependency section */

/* Begin XCBuildConfiguration section */
		CF69921726D65595008E299F /* Debug */ = {
			isa = XCBuildConfiguration;
			buildSettings = {
				ALWAYS_SEARCH_USER_PATHS = NO;
				CLANG_ANALYZER_NONNULL = YES;
				CLANG_ANALYZER_NUMBER_OBJECT_CONVERSION = YES_AGGRESSIVE;
				CLANG_CXX_LANGUAGE_STANDARD = "gnu++14";
				CLANG_CXX_LIBRARY = "libc++";
				CLANG_ENABLE_MODULES = YES;
				CLANG_ENABLE_OBJC_ARC = YES;
				CLANG_ENABLE_OBJC_WEAK = YES;
				CLANG_WARN_BLOCK_CAPTURE_AUTORELEASING = YES;
				CLANG_WARN_BOOL_CONVERSION = YES;
				CLANG_WARN_COMMA = YES;
				CLANG_WARN_CONSTANT_CONVERSION = YES;
				CLANG_WARN_DEPRECATED_OBJC_IMPLEMENTATIONS = YES;
				CLANG_WARN_DIRECT_OBJC_ISA_USAGE = YES_ERROR;
				CLANG_WARN_DOCUMENTATION_COMMENTS = YES;
				CLANG_WARN_EMPTY_BODY = YES;
				CLANG_WARN_ENUM_CONVERSION = YES;
				CLANG_WARN_INFINITE_RECURSION = YES;
				CLANG_WARN_INT_CONVERSION = YES;
				CLANG_WARN_NON_LITERAL_NULL_CONVERSION = YES;
				CLANG_WARN_OBJC_IMPLICIT_RETAIN_SELF = YES;
				CLANG_WARN_OBJC_LITERAL_CONVERSION = YES;
				CLANG_WARN_OBJC_ROOT_CLASS = YES_ERROR;
				CLANG_WARN_QUOTED_INCLUDE_IN_FRAMEWORK_HEADER = YES;
				CLANG_WARN_RANGE_LOOP_ANALYSIS = YES;
				CLANG_WARN_STRICT_PROTOTYPES = YES;
				CLANG_WARN_SUSPICIOUS_MOVE = YES;
				CLANG_WARN_UNGUARDED_AVAILABILITY = YES_AGGRESSIVE;
				CLANG_WARN_UNREACHABLE_CODE = YES;
				CLANG_WARN__DUPLICATE_METHOD_MATCH = YES;
				COPY_PHASE_STRIP = NO;
				CURRENT_PROJECT_VERSION = 1;
				DEBUG_INFORMATION_FORMAT = dwarf;
				ENABLE_STRICT_OBJC_MSGSEND = YES;
				ENABLE_TESTABILITY = YES;
				GCC_C_LANGUAGE_STANDARD = gnu11;
				GCC_DYNAMIC_NO_PIC = NO;
				GCC_NO_COMMON_BLOCKS = YES;
				GCC_OPTIMIZATION_LEVEL = 0;
				GCC_PREPROCESSOR_DEFINITIONS = (
					"DEBUG=1",
					"$(inherited)",
				);
				GCC_WARN_64_TO_32_BIT_CONVERSION = YES;
				GCC_WARN_ABOUT_RETURN_TYPE = YES_ERROR;
				GCC_WARN_UNDECLARED_SELECTOR = YES;
				GCC_WARN_UNINITIALIZED_AUTOS = YES_AGGRESSIVE;
				GCC_WARN_UNUSED_FUNCTION = YES;
				GCC_WARN_UNUSED_VARIABLE = YES;
				IPHONEOS_DEPLOYMENT_TARGET = 13.0;
				MTL_ENABLE_DEBUG_INFO = INCLUDE_SOURCE;
				MTL_FAST_MATH = YES;
				ONLY_ACTIVE_ARCH = YES;
				SDKROOT = iphoneos;
				SWIFT_ACTIVE_COMPILATION_CONDITIONS = DEBUG;
				SWIFT_OPTIMIZATION_LEVEL = "-Onone";
				VERSIONING_SYSTEM = "apple-generic";
				VERSION_INFO_PREFIX = "";
			};
			name = Debug;
		};
		CF69921826D65595008E299F /* Release */ = {
			isa = XCBuildConfiguration;
			buildSettings = {
				ALWAYS_SEARCH_USER_PATHS = NO;
				CLANG_ANALYZER_NONNULL = YES;
				CLANG_ANALYZER_NUMBER_OBJECT_CONVERSION = YES_AGGRESSIVE;
				CLANG_CXX_LANGUAGE_STANDARD = "gnu++14";
				CLANG_CXX_LIBRARY = "libc++";
				CLANG_ENABLE_MODULES = YES;
				CLANG_ENABLE_OBJC_ARC = YES;
				CLANG_ENABLE_OBJC_WEAK = YES;
				CLANG_WARN_BLOCK_CAPTURE_AUTORELEASING = YES;
				CLANG_WARN_BOOL_CONVERSION = YES;
				CLANG_WARN_COMMA = YES;
				CLANG_WARN_CONSTANT_CONVERSION = YES;
				CLANG_WARN_DEPRECATED_OBJC_IMPLEMENTATIONS = YES;
				CLANG_WARN_DIRECT_OBJC_ISA_USAGE = YES_ERROR;
				CLANG_WARN_DOCUMENTATION_COMMENTS = YES;
				CLANG_WARN_EMPTY_BODY = YES;
				CLANG_WARN_ENUM_CONVERSION = YES;
				CLANG_WARN_INFINITE_RECURSION = YES;
				CLANG_WARN_INT_CONVERSION = YES;
				CLANG_WARN_NON_LITERAL_NULL_CONVERSION = YES;
				CLANG_WARN_OBJC_IMPLICIT_RETAIN_SELF = YES;
				CLANG_WARN_OBJC_LITERAL_CONVERSION = YES;
				CLANG_WARN_OBJC_ROOT_CLASS = YES_ERROR;
				CLANG_WARN_QUOTED_INCLUDE_IN_FRAMEWORK_HEADER = YES;
				CLANG_WARN_RANGE_LOOP_ANALYSIS = YES;
				CLANG_WARN_STRICT_PROTOTYPES = YES;
				CLANG_WARN_SUSPICIOUS_MOVE = YES;
				CLANG_WARN_UNGUARDED_AVAILABILITY = YES_AGGRESSIVE;
				CLANG_WARN_UNREACHABLE_CODE = YES;
				CLANG_WARN__DUPLICATE_METHOD_MATCH = YES;
				COPY_PHASE_STRIP = NO;
				CURRENT_PROJECT_VERSION = 1;
				DEBUG_INFORMATION_FORMAT = "dwarf-with-dsym";
				ENABLE_NS_ASSERTIONS = NO;
				ENABLE_STRICT_OBJC_MSGSEND = YES;
				GCC_C_LANGUAGE_STANDARD = gnu11;
				GCC_NO_COMMON_BLOCKS = YES;
				GCC_WARN_64_TO_32_BIT_CONVERSION = YES;
				GCC_WARN_ABOUT_RETURN_TYPE = YES_ERROR;
				GCC_WARN_UNDECLARED_SELECTOR = YES;
				GCC_WARN_UNINITIALIZED_AUTOS = YES_AGGRESSIVE;
				GCC_WARN_UNUSED_FUNCTION = YES;
				GCC_WARN_UNUSED_VARIABLE = YES;
				IPHONEOS_DEPLOYMENT_TARGET = 13.0;
				MTL_ENABLE_DEBUG_INFO = NO;
				MTL_FAST_MATH = YES;
				SDKROOT = iphoneos;
				SWIFT_COMPILATION_MODE = wholemodule;
				SWIFT_OPTIMIZATION_LEVEL = "-O";
				VALIDATE_PRODUCT = YES;
				VERSIONING_SYSTEM = "apple-generic";
				VERSION_INFO_PREFIX = "";
			};
			name = Release;
		};
		CF69921A26D65595008E299F /* Debug */ = {
			isa = XCBuildConfiguration;
			baseConfigurationReference = 14E9B58DBB767D0BE281C874 /* Pods-CUIKit.debug.xcconfig */;
			buildSettings = {
				CODE_SIGN_STYLE = Automatic;
				DEFINES_MODULE = YES;
				DYLIB_COMPATIBILITY_VERSION = 1;
				DYLIB_CURRENT_VERSION = 1;
				DYLIB_INSTALL_NAME_BASE = "@rpath";
				INFOPLIST_FILE = "$(SRCROOT)/Sources/Info.plist";
				INSTALL_PATH = "$(LOCAL_LIBRARY_DIR)/Frameworks";
				LD_RUNPATH_SEARCH_PATHS = (
					"$(inherited)",
					"@executable_path/Frameworks",
					"@loader_path/Frameworks",
				);
				MARKETING_VERSION = 1.0.0;
				PRODUCT_BUNDLE_IDENTIFIER = CUIKit;
				PRODUCT_NAME = "$(TARGET_NAME:c99extidentifier)";
				SKIP_INSTALL = YES;
				SWIFT_VERSION = 5.0;
				TARGETED_DEVICE_FAMILY = "1,2";
			};
			name = Debug;
		};
		CF69921B26D65595008E299F /* Release */ = {
			isa = XCBuildConfiguration;
			baseConfigurationReference = BDEEC25E4AC7B9E6E5008805 /* Pods-CUIKit.release.xcconfig */;
			buildSettings = {
				CODE_SIGN_STYLE = Automatic;
				DEFINES_MODULE = YES;
				DYLIB_COMPATIBILITY_VERSION = 1;
				DYLIB_CURRENT_VERSION = 1;
				DYLIB_INSTALL_NAME_BASE = "@rpath";
				INFOPLIST_FILE = "$(SRCROOT)/Sources/Info.plist";
				INSTALL_PATH = "$(LOCAL_LIBRARY_DIR)/Frameworks";
				LD_RUNPATH_SEARCH_PATHS = (
					"$(inherited)",
					"@executable_path/Frameworks",
					"@loader_path/Frameworks",
				);
				MARKETING_VERSION = 1.0.0;
				PRODUCT_BUNDLE_IDENTIFIER = CUIKit;
				PRODUCT_NAME = "$(TARGET_NAME:c99extidentifier)";
				SKIP_INSTALL = YES;
				SWIFT_VERSION = 5.0;
				TARGETED_DEVICE_FAMILY = "1,2";
			};
			name = Release;
		};
		CF69921D26D65595008E299F /* Debug */ = {
			isa = XCBuildConfiguration;
			baseConfigurationReference = 15AF348C206D106005EA31F2 /* Pods-CUIKit-CUIKitTests.debug.xcconfig */;
			buildSettings = {
				ALWAYS_EMBED_SWIFT_STANDARD_LIBRARIES = YES;
				CODE_SIGN_STYLE = Automatic;
				INFOPLIST_FILE = Tests/Info.plist;
				LD_RUNPATH_SEARCH_PATHS = (
					"$(inherited)",
					"@executable_path/Frameworks",
					"@loader_path/Frameworks",
				);
				PRODUCT_BUNDLE_IDENTIFIER = CUIKitTests;
				PRODUCT_NAME = "$(TARGET_NAME)";
				SWIFT_VERSION = 5.0;
				TARGETED_DEVICE_FAMILY = "1,2";
			};
			name = Debug;
		};
		CF69921E26D65595008E299F /* Release */ = {
			isa = XCBuildConfiguration;
			baseConfigurationReference = C760D8D4C3E7684959FEC689 /* Pods-CUIKit-CUIKitTests.release.xcconfig */;
			buildSettings = {
				ALWAYS_EMBED_SWIFT_STANDARD_LIBRARIES = YES;
				CODE_SIGN_STYLE = Automatic;
				INFOPLIST_FILE = Tests/Info.plist;
				LD_RUNPATH_SEARCH_PATHS = (
					"$(inherited)",
					"@executable_path/Frameworks",
					"@loader_path/Frameworks",
				);
				PRODUCT_BUNDLE_IDENTIFIER = CUIKitTests;
				PRODUCT_NAME = "$(TARGET_NAME)";
				SWIFT_VERSION = 5.0;
				TARGETED_DEVICE_FAMILY = "1,2";
			};
			name = Release;
		};
/* End XCBuildConfiguration section */

/* Begin XCConfigurationList section */
		CF6991FF26D65595008E299F /* Build configuration list for PBXProject "CUIKit" */ = {
			isa = XCConfigurationList;
			buildConfigurations = (
				CF69921726D65595008E299F /* Debug */,
				CF69921826D65595008E299F /* Release */,
			);
			defaultConfigurationIsVisible = 0;
			defaultConfigurationName = Release;
		};
		CF69921926D65595008E299F /* Build configuration list for PBXNativeTarget "CUIKit" */ = {
			isa = XCConfigurationList;
			buildConfigurations = (
				CF69921A26D65595008E299F /* Debug */,
				CF69921B26D65595008E299F /* Release */,
			);
			defaultConfigurationIsVisible = 0;
			defaultConfigurationName = Release;
		};
		CF69921C26D65595008E299F /* Build configuration list for PBXNativeTarget "CUIKitTests" */ = {
			isa = XCConfigurationList;
			buildConfigurations = (
				CF69921D26D65595008E299F /* Debug */,
				CF69921E26D65595008E299F /* Release */,
			);
			defaultConfigurationIsVisible = 0;
			defaultConfigurationName = Release;
		};
/* End XCConfigurationList section */
	};
	rootObject = CF6991FC26D65595008E299F /* Project object */;
}
